// !$*UTF8*$!
{
	archiveVersion = 1;
	classes = {
	};
	objectVersion = 50;
	objects = {

/* Begin PBXBuildFile section */
		5D8B077025DA7FC500B622F4 /* AppDelegate.swift in Sources */ = {isa = PBXBuildFile; fileRef = 5D8B076F25DA7FC500B622F4 /* AppDelegate.swift */; };
		5D8B077225DA7FC600B622F4 /* SceneDelegate.swift in Sources */ = {isa = PBXBuildFile; fileRef = 5D8B077125DA7FC600B622F4 /* SceneDelegate.swift */; };
		5D8B077725DA7FC600B622F4 /* Main.storyboard in Resources */ = {isa = PBXBuildFile; fileRef = 5D8B077525DA7FC600B622F4 /* Main.storyboard */; };
		5D8B077925DA7FC800B622F4 /* Assets.xcassets in Resources */ = {isa = PBXBuildFile; fileRef = 5D8B077825DA7FC800B622F4 /* Assets.xcassets */; };
		5D8B077C25DA7FC800B622F4 /* LaunchScreen.storyboard in Resources */ = {isa = PBXBuildFile; fileRef = 5D8B077A25DA7FC800B622F4 /* LaunchScreen.storyboard */; };
		5D8B078725DA914100B622F4 /* PersonsListViewController.swift in Sources */ = {isa = PBXBuildFile; fileRef = 5D8B078625DA914100B622F4 /* PersonsListViewController.swift */; };
		5D8B078A25DA919600B622F4 /* ListViewControllerWithSections.swift in Sources */ = {isa = PBXBuildFile; fileRef = 5D8B078925DA919600B622F4 /* ListViewControllerWithSections.swift */; };
		5D8B078D25DA91D800B622F4 /* PersonDetailViewController.swift in Sources */ = {isa = PBXBuildFile; fileRef = 5D8B078C25DA91D800B622F4 /* PersonDetailViewController.swift */; };
		5D8B079025DA926300B622F4 /* Person.swift in Sources */ = {isa = PBXBuildFile; fileRef = 5D8B078F25DA926300B622F4 /* Person.swift */; };
		5D8B079325DA949000B622F4 /* AppData.swift in Sources */ = {isa = PBXBuildFile; fileRef = 5D8B079225DA949000B622F4 /* AppData.swift */; };
/* End PBXBuildFile section */

/* Begin PBXFileReference section */
		5D8B076C25DA7FC500B622F4 /* Homework_Storyboard_4.app */ = {isa = PBXFileReference; explicitFileType = wrapper.application; includeInIndex = 0; path = Homework_Storyboard_4.app; sourceTree = BUILT_PRODUCTS_DIR; };
		5D8B076F25DA7FC500B622F4 /* AppDelegate.swift */ = {isa = PBXFileReference; lastKnownFileType = sourcecode.swift; path = AppDelegate.swift; sourceTree = "<group>"; };
		5D8B077125DA7FC600B622F4 /* SceneDelegate.swift */ = {isa = PBXFileReference; lastKnownFileType = sourcecode.swift; path = SceneDelegate.swift; sourceTree = "<group>"; };
		5D8B077625DA7FC600B622F4 /* Base */ = {isa = PBXFileReference; lastKnownFileType = file.storyboard; name = Base; path = Base.lproj/Main.storyboard; sourceTree = "<group>"; };
		5D8B077825DA7FC800B622F4 /* Assets.xcassets */ = {isa = PBXFileReference; lastKnownFileType = folder.assetcatalog; path = Assets.xcassets; sourceTree = "<group>"; };
		5D8B077B25DA7FC800B622F4 /* Base */ = {isa = PBXFileReference; lastKnownFileType = file.storyboard; name = Base; path = Base.lproj/LaunchScreen.storyboard; sourceTree = "<group>"; };
		5D8B077D25DA7FC800B622F4 /* Info.plist */ = {isa = PBXFileReference; lastKnownFileType = text.plist.xml; path = Info.plist; sourceTree = "<group>"; };
		5D8B078625DA914100B622F4 /* PersonsListViewController.swift */ = {isa = PBXFileReference; lastKnownFileType = sourcecode.swift; path = PersonsListViewController.swift; sourceTree = "<group>"; };
		5D8B078925DA919600B622F4 /* ListViewControllerWithSections.swift */ = {isa = PBXFileReference; lastKnownFileType = sourcecode.swift; path = ListViewControllerWithSections.swift; sourceTree = "<group>"; };
		5D8B078C25DA91D800B622F4 /* PersonDetailViewController.swift */ = {isa = PBXFileReference; lastKnownFileType = sourcecode.swift; path = PersonDetailViewController.swift; sourceTree = "<group>"; };
		5D8B078F25DA926300B622F4 /* Person.swift */ = {isa = PBXFileReference; lastKnownFileType = sourcecode.swift; path = Person.swift; sourceTree = "<group>"; };
		5D8B079225DA949000B622F4 /* AppData.swift */ = {isa = PBXFileReference; lastKnownFileType = sourcecode.swift; path = AppData.swift; sourceTree = "<group>"; };
/* End PBXFileReference section */

/* Begin PBXFrameworksBuildPhase section */
		5D8B076925DA7FC500B622F4 /* Frameworks */ = {
			isa = PBXFrameworksBuildPhase;
			buildActionMask = 2147483647;
			files = (
			);
			runOnlyForDeploymentPostprocessing = 0;
		};
/* End PBXFrameworksBuildPhase section */

/* Begin PBXGroup section */
		5D8B076325DA7FC500B622F4 = {
			isa = PBXGroup;
			children = (
				5D8B076E25DA7FC500B622F4 /* Homework_Storyboard_4 */,
				5D8B076D25DA7FC500B622F4 /* Products */,
			);
			sourceTree = "<group>";
		};
		5D8B076D25DA7FC500B622F4 /* Products */ = {
			isa = PBXGroup;
			children = (
				5D8B076C25DA7FC500B622F4 /* Homework_Storyboard_4.app */,
			);
			name = Products;
			sourceTree = "<group>";
		};
		5D8B076E25DA7FC500B622F4 /* Homework_Storyboard_4 */ = {
			isa = PBXGroup;
			children = (
				5D8B076F25DA7FC500B622F4 /* AppDelegate.swift */,
				5D8B077125DA7FC600B622F4 /* SceneDelegate.swift */,
				5D8B077525DA7FC600B622F4 /* Main.storyboard */,
				5D8B077825DA7FC800B622F4 /* Assets.xcassets */,
				5D8B077A25DA7FC800B622F4 /* LaunchScreen.storyboard */,
				5D8B077D25DA7FC800B622F4 /* Info.plist */,
				5D8B078625DA914100B622F4 /* PersonsListViewController.swift */,
				5D8B078925DA919600B622F4 /* ListViewControllerWithSections.swift */,
				5D8B078C25DA91D800B622F4 /* PersonDetailViewController.swift */,
				5D8B078F25DA926300B622F4 /* Person.swift */,
				5D8B079225DA949000B622F4 /* AppData.swift */,
			);
			path = Homework_Storyboard_4;
			sourceTree = "<group>";
		};
/* End PBXGroup section */

/* Begin PBXNativeTarget section */
		5D8B076B25DA7FC500B622F4 /* Homework_Storyboard_4 */ = {
			isa = PBXNativeTarget;
			buildConfigurationList = 5D8B078025DA7FC800B622F4 /* Build configuration list for PBXNativeTarget "Homework_Storyboard_4" */;
			buildPhases = (
				5D8B076825DA7FC500B622F4 /* Sources */,
				5D8B076925DA7FC500B622F4 /* Frameworks */,
				5D8B076A25DA7FC500B622F4 /* Resources */,
			);
			buildRules = (
			);
			dependencies = (
			);
			name = Homework_Storyboard_4;
			productName = Homework_Storyboard_4;
			productReference = 5D8B076C25DA7FC500B622F4 /* Homework_Storyboard_4.app */;
			productType = "com.apple.product-type.application";
		};
/* End PBXNativeTarget section */

/* Begin PBXProject section */
		5D8B076425DA7FC500B622F4 /* Project object */ = {
			isa = PBXProject;
			attributes = {
				LastSwiftUpdateCheck = 1240;
				LastUpgradeCheck = 1240;
				TargetAttributes = {
					5D8B076B25DA7FC500B622F4 = {
						CreatedOnToolsVersion = 12.4;
					};
				};
			};
			buildConfigurationList = 5D8B076725DA7FC500B622F4 /* Build configuration list for PBXProject "Homework_Storyboard_4" */;
			compatibilityVersion = "Xcode 9.3";
			developmentRegion = en;
			hasScannedForEncodings = 0;
			knownRegions = (
				en,
				Base,
			);
			mainGroup = 5D8B076325DA7FC500B622F4;
			productRefGroup = 5D8B076D25DA7FC500B622F4 /* Products */;
			projectDirPath = "";
			projectRoot = "";
			targets = (
				5D8B076B25DA7FC500B622F4 /* Homework_Storyboard_4 */,
			);
		};
/* End PBXProject section */

/* Begin PBXResourcesBuildPhase section */
		5D8B076A25DA7FC500B622F4 /* Resources */ = {
			isa = PBXResourcesBuildPhase;
			buildActionMask = 2147483647;
			files = (
				5D8B077C25DA7FC800B622F4 /* LaunchScreen.storyboard in Resources */,
				5D8B077925DA7FC800B622F4 /* Assets.xcassets in Resources */,
				5D8B077725DA7FC600B622F4 /* Main.storyboard in Resources */,
			);
			runOnlyForDeploymentPostprocessing = 0;
		};
/* End PBXResourcesBuildPhase section */

/* Begin PBXSourcesBuildPhase section */
		5D8B076825DA7FC500B622F4 /* Sources */ = {
			isa = PBXSourcesBuildPhase;
			buildActionMask = 2147483647;
			files = (
				5D8B079025DA926300B622F4 /* Person.swift in Sources */,
				5D8B077025DA7FC500B622F4 /* AppDelegate.swift in Sources */,
				5D8B078725DA914100B622F4 /* PersonsListViewController.swift in Sources */,
				5D8B078A25DA919600B622F4 /* ListViewControllerWithSections.swift in Sources */,
				5D8B078D25DA91D800B622F4 /* PersonDetailViewController.swift in Sources */,
				5D8B077225DA7FC600B622F4 /* SceneDelegate.swift in Sources */,
				5D8B079325DA949000B622F4 /* AppData.swift in Sources */,
			);
			runOnlyForDeploymentPostprocessing = 0;
		};
/* End PBXSourcesBuildPhase section */

/* Begin PBXVariantGroup section */
		5D8B077525DA7FC600B622F4 /* Main.storyboard */ = {
			isa = PBXVariantGroup;
			children = (
				5D8B077625DA7FC600B622F4 /* Base */,
			);
			name = Main.storyboard;
			sourceTree = "<group>";
		};
		5D8B077A25DA7FC800B622F4 /* LaunchScreen.storyboard */ = {
			isa = PBXVariantGroup;
			children = (
				5D8B077B25DA7FC800B622F4 /* Base */,
			);
			name = LaunchScreen.storyboard;
			sourceTree = "<group>";
		};
/* End PBXVariantGroup section */

/* Begin XCBuildConfiguration section */
		5D8B077E25DA7FC800B622F4 /* Debug */ = {
			isa = XCBuildConfiguration;
			buildSettings = {
				ALWAYS_SEARCH_USER_PATHS = NO;
				CLANG_ANALYZER_NONNULL = YES;
				CLANG_ANALYZER_NUMBER_OBJECT_CONVERSION = YES_AGGRESSIVE;
				CLANG_CXX_LANGUAGE_STANDARD = "gnu++14";
				CLANG_CXX_LIBRARY = "libc++";
				CLANG_ENABLE_MODULES = YES;
				CLANG_ENABLE_OBJC_ARC = YES;
				CLANG_ENABLE_OBJC_WEAK = YES;
				CLANG_WARN_BLOCK_CAPTURE_AUTORELEASING = YES;
				CLANG_WARN_BOOL_CONVERSION = YES;
				CLANG_WARN_COMMA = YES;
				CLANG_WARN_CONSTANT_CONVERSION = YES;
				CLANG_WARN_DEPRECATED_OBJC_IMPLEMENTATIONS = YES;
				CLANG_WARN_DIRECT_OBJC_ISA_USAGE = YES_ERROR;
				CLANG_WARN_DOCUMENTATION_COMMENTS = YES;
				CLANG_WARN_EMPTY_BODY = YES;
				CLANG_WARN_ENUM_CONVERSION = YES;
				CLANG_WARN_INFINITE_RECURSION = YES;
				CLANG_WARN_INT_CONVERSION = YES;
				CLANG_WARN_NON_LITERAL_NULL_CONVERSION = YES;
				CLANG_WARN_OBJC_IMPLICIT_RETAIN_SELF = YES;
				CLANG_WARN_OBJC_LITERAL_CONVERSION = YES;
				CLANG_WARN_OBJC_ROOT_CLASS = YES_ERROR;
				CLANG_WARN_QUOTED_INCLUDE_IN_FRAMEWORK_HEADER = YES;
				CLANG_WARN_RANGE_LOOP_ANALYSIS = YES;
				CLANG_WARN_STRICT_PROTOTYPES = YES;
				CLANG_WARN_SUSPICIOUS_MOVE = YES;
				CLANG_WARN_UNGUARDED_AVAILABILITY = YES_AGGRESSIVE;
				CLANG_WARN_UNREACHABLE_CODE = YES;
				CLANG_WARN__DUPLICATE_METHOD_MATCH = YES;
				COPY_PHASE_STRIP = NO;
				DEBUG_INFORMATION_FORMAT = dwarf;
				ENABLE_STRICT_OBJC_MSGSEND = YES;
				ENABLE_TESTABILITY = YES;
				GCC_C_LANGUAGE_STANDARD = gnu11;
				GCC_DYNAMIC_NO_PIC = NO;
				GCC_NO_COMMON_BLOCKS = YES;
				GCC_OPTIMIZATION_LEVEL = 0;
				GCC_PREPROCESSOR_DEFINITIONS = (
					"DEBUG=1",
					"$(inherited)",
				);
				GCC_WARN_64_TO_32_BIT_CONVERSION = YES;
				GCC_WARN_ABOUT_RETURN_TYPE = YES_ERROR;
				GCC_WARN_UNDECLARED_SELECTOR = YES;
				GCC_WARN_UNINITIALIZED_AUTOS = YES_AGGRESSIVE;
				GCC_WARN_UNUSED_FUNCTION = YES;
				GCC_WARN_UNUSED_VARIABLE = YES;
				IPHONEOS_DEPLOYMENT_TARGET = 14.4;
				MTL_ENABLE_DEBUG_INFO = INCLUDE_SOURCE;
				MTL_FAST_MATH = YES;
				ONLY_ACTIVE_ARCH = YES;
				SDKROOT = iphoneos;
				SWIFT_ACTIVE_COMPILATION_CONDITIONS = DEBUG;
				SWIFT_OPTIMIZATION_LEVEL = "-Onone";
			};
			name = Debug;
		};
		5D8B077F25DA7FC800B622F4 /* Release */ = {
			isa = XCBuildConfiguration;
			buildSettings = {
				ALWAYS_SEARCH_USER_PATHS = NO;
				CLANG_ANALYZER_NONNULL = YES;
				CLANG_ANALYZER_NUMBER_OBJECT_CONVERSION = YES_AGGRESSIVE;
				CLANG_CXX_LANGUAGE_STANDARD = "gnu++14";
				CLANG_CXX_LIBRARY = "libc++";
				CLANG_ENABLE_MODULES = YES;
				CLANG_ENABLE_OBJC_ARC = YES;
				CLANG_ENABLE_OBJC_WEAK = YES;
				CLANG_WARN_BLOCK_CAPTURE_AUTORELEASING = YES;
				CLANG_WARN_BOOL_CONVERSION = YES;
				CLANG_WARN_COMMA = YES;
				CLANG_WARN_CONSTANT_CONVERSION = YES;
				CLANG_WARN_DEPRECATED_OBJC_IMPLEMENTATIONS = YES;
				CLANG_WARN_DIRECT_OBJC_ISA_USAGE = YES_ERROR;
				CLANG_WARN_DOCUMENTATION_COMMENTS = YES;
				CLANG_WARN_EMPTY_BODY = YES;
				CLANG_WARN_ENUM_CONVERSION = YES;
				CLANG_WARN_INFINITE_RECURSION = YES;
				CLANG_WARN_INT_CONVERSION = YES;
				CLANG_WARN_NON_LITERAL_NULL_CONVERSION = YES;
				CLANG_WARN_OBJC_IMPLICIT_RETAIN_SELF = YES;
				CLANG_WARN_OBJC_LITERAL_CONVERSION = YES;
				CLANG_WARN_OBJC_ROOT_CLASS = YES_ERROR;
				CLANG_WARN_QUOTED_INCLUDE_IN_FRAMEWORK_HEADER = YES;
				CLANG_WARN_RANGE_LOOP_ANALYSIS = YES;
				CLANG_WARN_STRICT_PROTOTYPES = YES;
				CLANG_WARN_SUSPICIOUS_MOVE = YES;
				CLANG_WARN_UNGUARDED_AVAILABILITY = YES_AGGRESSIVE;
				CLANG_WARN_UNREACHABLE_CODE = YES;
				CLANG_WARN__DUPLICATE_METHOD_MATCH = YES;
				COPY_PHASE_STRIP = NO;
				DEBUG_INFORMATION_FORMAT = "dwarf-with-dsym";
				ENABLE_NS_ASSERTIONS = NO;
				ENABLE_STRICT_OBJC_MSGSEND = YES;
				GCC_C_LANGUAGE_STANDARD = gnu11;
				GCC_NO_COMMON_BLOCKS = YES;
				GCC_WARN_64_TO_32_BIT_CONVERSION = YES;
				GCC_WARN_ABOUT_RETURN_TYPE = YES_ERROR;
				GCC_WARN_UNDECLARED_SELECTOR = YES;
				GCC_WARN_UNINITIALIZED_AUTOS = YES_AGGRESSIVE;
				GCC_WARN_UNUSED_FUNCTION = YES;
				GCC_WARN_UNUSED_VARIABLE = YES;
				IPHONEOS_DEPLOYMENT_TARGET = 14.4;
				MTL_ENABLE_DEBUG_INFO = NO;
				MTL_FAST_MATH = YES;
				SDKROOT = iphoneos;
				SWIFT_COMPILATION_MODE = wholemodule;
				SWIFT_OPTIMIZATION_LEVEL = "-O";
				VALIDATE_PRODUCT = YES;
			};
			name = Release;
		};
		5D8B078125DA7FC800B622F4 /* Debug */ = {
			isa = XCBuildConfiguration;
			buildSettings = {
				ASSETCATALOG_COMPILER_APPICON_NAME = AppIcon;
				ASSETCATALOG_COMPILER_GLOBAL_ACCENT_COLOR_NAME = AccentColor;
				CODE_SIGN_STYLE = Automatic;
				DEVELOPMENT_TEAM = L363K9J2RM;
				INFOPLIST_FILE = Homework_Storyboard_4/Info.plist;
				LD_RUNPATH_SEARCH_PATHS = (
					"$(inherited)",
					"@executable_path/Frameworks",
				);
				PRODUCT_BUNDLE_IDENTIFIER = "homework.Homework-Storyboard-4";
				PRODUCT_NAME = "$(TARGET_NAME)";
				SWIFT_VERSION = 5.0;
				TARGETED_DEVICE_FAMILY = 1;
			};
			name = Debug;
		};
		5D8B078225DA7FC800B622F4 /* Release */ = {
			isa = XCBuildConfiguration;
			buildSettings = {
				ASSETCATALOG_COMPILER_APPICON_NAME = AppIcon;
				ASSETCATALOG_COMPILER_GLOBAL_ACCENT_COLOR_NAME = AccentColor;
				CODE_SIGN_STYLE = Automatic;
				DEVELOPMENT_TEAM = L363K9J2RM;
				INFOPLIST_FILE = Homework_Storyboard_4/Info.plist;
				LD_RUNPATH_SEARCH_PATHS = (
					"$(inherited)",
					"@executable_path/Frameworks",
				);
				PRODUCT_BUNDLE_IDENTIFIER = "homework.Homework-Storyboard-4";
				PRODUCT_NAME = "$(TARGET_NAME)";
				SWIFT_VERSION = 5.0;
				TARGETED_DEVICE_FAMILY = 1;
			};
			name = Release;
		};
/* End XCBuildConfiguration section */

/* Begin XCConfigurationList section */
		5D8B076725DA7FC500B622F4 /* Build configuration list for PBXProject "Homework_Storyboard_4" */ = {
			isa = XCConfigurationList;
			buildConfigurations = (
				5D8B077E25DA7FC800B622F4 /* Debug */,
				5D8B077F25DA7FC800B622F4 /* Release */,
			);
			defaultConfigurationIsVisible = 0;
			defaultConfigurationName = Release;
		};
		5D8B078025DA7FC800B622F4 /* Build configuration list for PBXNativeTarget "Homework_Storyboard_4" */ = {
			isa = XCConfigurationList;
			buildConfigurations = (
				5D8B078125DA7FC800B622F4 /* Debug */,
				5D8B078225DA7FC800B622F4 /* Release */,
			);
			defaultConfigurationIsVisible = 0;
			defaultConfigurationName = Release;
		};
/* End XCConfigurationList section */
	};
	rootObject = 5D8B076425DA7FC500B622F4 /* Project object */;
}
